
Microsoft Visual Studio Solution File, Format Version 12.00
# Visual Studio Version 17
VisualStudioVersion = 17.4.33213.308
MinimumVisualStudioVersion = 10.0.40219.1
Project("{FAE04EC0-301F-11D3-BF4B-00C04F79EFBC}") = "Motoapp2", "Motoapp2\Motoapp2.csproj", "{256244F5-CF07-418D-A7D1-3B406500E01D}"
EndProject
Global
	GlobalSection(SolutionConfigurationPlatforms) = preSolution
		Debug|Any CPU = Debug|Any CPU
		Release|Any CPU = Release|Any CPU
	EndGlobalSection
	GlobalSection(ProjectConfigurationPlatforms) = postSolution
		{256244F5-CF07-418D-A7D1-3B406500E01D}.Debug|Any CPU.ActiveCfg = Debug|Any CPU
		{256244F5-CF07-418D-A7D1-3B406500E01D}.Debug|Any CPU.Build.0 = Debug|Any CPU
		{256244F5-CF07-418D-A7D1-3B406500E01D}.Release|Any CPU.ActiveCfg = Release|Any CPU
		{256244F5-CF07-418D-A7D1-3B406500E01D}.Release|Any CPU.Build.0 = Release|Any CPU
	EndGlobalSection
	GlobalSection(SolutionProperties) = preSolution
		HideSolutionNode = FALSE
	EndGlobalSection
	GlobalSection(ExtensibilityGlobals) = postSolution
		SolutionGuid = {4507C56B-73F0-47C6-8A52-E44AB65C8B31}
	EndGlobalSection
EndGlobal
