
Microsoft Visual Studio Solution File, Format Version 12.00
# Visual Studio Version 17
VisualStudioVersion = 17.4.33213.308
MinimumVisualStudioVersion = 10.0.40219.1
Project("{FAE04EC0-301F-11D3-BF4B-00C04F79EFBC}") = "home word", "home word\home word.csproj", "{50EA4FBD-97CA-4AB0-A6F9-9DC5091814E5}"
EndProject
Global
	GlobalSection(SolutionConfigurationPlatforms) = preSolution
		Debug|Any CPU = Debug|Any CPU
		Release|Any CPU = Release|Any CPU
	EndGlobalSection
	GlobalSection(ProjectConfigurationPlatforms) = postSolution
		{50EA4FBD-97CA-4AB0-A6F9-9DC5091814E5}.Debug|Any CPU.ActiveCfg = Debug|Any CPU
		{50EA4FBD-97CA-4AB0-A6F9-9DC5091814E5}.Debug|Any CPU.Build.0 = Debug|Any CPU
		{50EA4FBD-97CA-4AB0-A6F9-9DC5091814E5}.Release|Any CPU.ActiveCfg = Release|Any CPU
		{50EA4FBD-97CA-4AB0-A6F9-9DC5091814E5}.Release|Any CPU.Build.0 = Release|Any CPU
	EndGlobalSection
	GlobalSection(SolutionProperties) = preSolution
		HideSolutionNode = FALSE
	EndGlobalSection
	GlobalSection(ExtensibilityGlobals) = postSolution
		SolutionGuid = {D36C8E4E-6BF0-4286-9EF3-51F7F6D542BD}
	EndGlobalSection
EndGlobal
