
Microsoft Visual Studio Solution File, Format Version 12.00
# Visual Studio Version 17
VisualStudioVersion = 17.4.33213.308
MinimumVisualStudioVersion = 10.0.40219.1
Project("{FAE04EC0-301F-11D3-BF4B-00C04F79EFBC}") = "mer", "mer\mer.csproj", "{D5730DF5-05E4-4BAF-AF79-824B8BF76948}"
EndProject
Global
	GlobalSection(SolutionConfigurationPlatforms) = preSolution
		Debug|Any CPU = Debug|Any CPU
		Release|Any CPU = Release|Any CPU
	EndGlobalSection
	GlobalSection(ProjectConfigurationPlatforms) = postSolution
		{D5730DF5-05E4-4BAF-AF79-824B8BF76948}.Debug|Any CPU.ActiveCfg = Debug|Any CPU
		{D5730DF5-05E4-4BAF-AF79-824B8BF76948}.Debug|Any CPU.Build.0 = Debug|Any CPU
		{D5730DF5-05E4-4BAF-AF79-824B8BF76948}.Release|Any CPU.ActiveCfg = Release|Any CPU
		{D5730DF5-05E4-4BAF-AF79-824B8BF76948}.Release|Any CPU.Build.0 = Release|Any CPU
	EndGlobalSection
	GlobalSection(SolutionProperties) = preSolution
		HideSolutionNode = FALSE
	EndGlobalSection
	GlobalSection(ExtensibilityGlobals) = postSolution
		SolutionGuid = {4AF2D188-D525-4ED1-A12B-482C433EEC8C}
	EndGlobalSection
EndGlobal
