
Microsoft Visual Studio Solution File, Format Version 12.00
# Visual Studio Version 17
VisualStudioVersion = 17.4.33213.308
MinimumVisualStudioVersion = 10.0.40219.1
Project("{FAE04EC0-301F-11D3-BF4B-00C04F79EFBC}") = "day13", "day13\day13.csproj", "{15EA0C88-8144-4178-8AC5-DBAD96144EAE}"
EndProject
Global
	GlobalSection(SolutionConfigurationPlatforms) = preSolution
		Debug|Any CPU = Debug|Any CPU
		Release|Any CPU = Release|Any CPU
	EndGlobalSection
	GlobalSection(ProjectConfigurationPlatforms) = postSolution
		{15EA0C88-8144-4178-8AC5-DBAD96144EAE}.Debug|Any CPU.ActiveCfg = Debug|Any CPU
		{15EA0C88-8144-4178-8AC5-DBAD96144EAE}.Debug|Any CPU.Build.0 = Debug|Any CPU
		{15EA0C88-8144-4178-8AC5-DBAD96144EAE}.Release|Any CPU.ActiveCfg = Release|Any CPU
		{15EA0C88-8144-4178-8AC5-DBAD96144EAE}.Release|Any CPU.Build.0 = Release|Any CPU
	EndGlobalSection
	GlobalSection(SolutionProperties) = preSolution
		HideSolutionNode = FALSE
	EndGlobalSection
	GlobalSection(ExtensibilityGlobals) = postSolution
		SolutionGuid = {7CEE821D-0DFA-4FFE-BD11-18772239A534}
	EndGlobalSection
EndGlobal
