
Microsoft Visual Studio Solution File, Format Version 12.00
# Visual Studio Version 17
VisualStudioVersion = 17.4.33213.308
MinimumVisualStudioVersion = 10.0.40219.1
Project("{FAE04EC0-301F-11D3-BF4B-00C04F79EFBC}") = "ChellengeApp2", "ChellengeApp2\ChellengeApp2.csproj", "{FEDC70DC-14CD-41EE-A627-A63865A7D588}"
EndProject
Global
	GlobalSection(SolutionConfigurationPlatforms) = preSolution
		Debug|Any CPU = Debug|Any CPU
		Release|Any CPU = Release|Any CPU
	EndGlobalSection
	GlobalSection(ProjectConfigurationPlatforms) = postSolution
		{FEDC70DC-14CD-41EE-A627-A63865A7D588}.Debug|Any CPU.ActiveCfg = Debug|Any CPU
		{FEDC70DC-14CD-41EE-A627-A63865A7D588}.Debug|Any CPU.Build.0 = Debug|Any CPU
		{FEDC70DC-14CD-41EE-A627-A63865A7D588}.Release|Any CPU.ActiveCfg = Release|Any CPU
		{FEDC70DC-14CD-41EE-A627-A63865A7D588}.Release|Any CPU.Build.0 = Release|Any CPU
	EndGlobalSection
	GlobalSection(SolutionProperties) = preSolution
		HideSolutionNode = FALSE
	EndGlobalSection
	GlobalSection(ExtensibilityGlobals) = postSolution
		SolutionGuid = {B4AAE5FD-7562-4097-BD8B-3F07FDEE3146}
	EndGlobalSection
EndGlobal
