
Microsoft Visual Studio Solution File, Format Version 12.00
# Visual Studio Version 17
VisualStudioVersion = 17.4.33213.308
MinimumVisualStudioVersion = 10.0.40219.1
Project("{FAE04EC0-301F-11D3-BF4B-00C04F79EFBC}") = "dzien10", "dzien10\dzien10.csproj", "{184B115E-7B40-42A5-AB35-2B2705B6FFA9}"
EndProject
Global
	GlobalSection(SolutionConfigurationPlatforms) = preSolution
		Debug|Any CPU = Debug|Any CPU
		Release|Any CPU = Release|Any CPU
	EndGlobalSection
	GlobalSection(ProjectConfigurationPlatforms) = postSolution
		{184B115E-7B40-42A5-AB35-2B2705B6FFA9}.Debug|Any CPU.ActiveCfg = Debug|Any CPU
		{184B115E-7B40-42A5-AB35-2B2705B6FFA9}.Debug|Any CPU.Build.0 = Debug|Any CPU
		{184B115E-7B40-42A5-AB35-2B2705B6FFA9}.Release|Any CPU.ActiveCfg = Release|Any CPU
		{184B115E-7B40-42A5-AB35-2B2705B6FFA9}.Release|Any CPU.Build.0 = Release|Any CPU
	EndGlobalSection
	GlobalSection(SolutionProperties) = preSolution
		HideSolutionNode = FALSE
	EndGlobalSection
	GlobalSection(ExtensibilityGlobals) = postSolution
		SolutionGuid = {35191271-E4BE-43B5-89DD-7FBE86D70C2D}
	EndGlobalSection
EndGlobal
