
Microsoft Visual Studio Solution File, Format Version 12.00
# Visual Studio Version 17
VisualStudioVersion = 17.4.33213.308
MinimumVisualStudioVersion = 10.0.40219.1
Project("{9A19103F-16F7-4668-BE54-9A1E7A4F7556}") = "9day", "9day\9day.csproj", "{BF4FE385-F871-4851-B260-A2BDA8F73D7E}"
EndProject
Project("{FAE04EC0-301F-11D3-BF4B-00C04F79EFBC}") = "9day.test", "9day.test\9day.test.csproj", "{8D1F720E-378C-4A86-A0FF-6C7E889366ED}"
EndProject
Global
	GlobalSection(SolutionConfigurationPlatforms) = preSolution
		Debug|Any CPU = Debug|Any CPU
		Release|Any CPU = Release|Any CPU
	EndGlobalSection
	GlobalSection(ProjectConfigurationPlatforms) = postSolution
		{BF4FE385-F871-4851-B260-A2BDA8F73D7E}.Debug|Any CPU.ActiveCfg = Debug|Any CPU
		{BF4FE385-F871-4851-B260-A2BDA8F73D7E}.Debug|Any CPU.Build.0 = Debug|Any CPU
		{BF4FE385-F871-4851-B260-A2BDA8F73D7E}.Release|Any CPU.ActiveCfg = Release|Any CPU
		{BF4FE385-F871-4851-B260-A2BDA8F73D7E}.Release|Any CPU.Build.0 = Release|Any CPU
		{8D1F720E-378C-4A86-A0FF-6C7E889366ED}.Debug|Any CPU.ActiveCfg = Debug|Any CPU
		{8D1F720E-378C-4A86-A0FF-6C7E889366ED}.Debug|Any CPU.Build.0 = Debug|Any CPU
		{8D1F720E-378C-4A86-A0FF-6C7E889366ED}.Release|Any CPU.ActiveCfg = Release|Any CPU
		{8D1F720E-378C-4A86-A0FF-6C7E889366ED}.Release|Any CPU.Build.0 = Release|Any CPU
	EndGlobalSection
	GlobalSection(SolutionProperties) = preSolution
		HideSolutionNode = FALSE
	EndGlobalSection
	GlobalSection(ExtensibilityGlobals) = postSolution
		SolutionGuid = {71F32569-FDD4-4724-AE1D-B232A114E2D1}
	EndGlobalSection
EndGlobal
